
Microsoft Visual Studio Solution File, Format Version 12.00
# Visual Studio Version 17
VisualStudioVersion = 17.9.34728.123
MinimumVisualStudioVersion = 10.0.40219.1
Project("{FAE04EC0-301F-11D3-BF4B-00C04F79EFBC}") = "Week7", "Week7\Week7.csproj", "{808DC2C3-5423-4A99-BA3C-CE5C3CB1AF94}"
EndProject
Project("{FAE04EC0-301F-11D3-BF4B-00C04F79EFBC}") = "ArguementsAndParameteres", "ArguementsAndParameteres\ArguementsAndParameteres.csproj", "{3452F973-37F8-45F5-8E69-771BA1F2F2E9}"
EndProject
Project("{FAE04EC0-301F-11D3-BF4B-00C04F79EFBC}") = "Calculator", "Calculator\Calculator.csproj", "{0C0B7124-CD00-47C6-994C-38338B226BA9}"
EndProject
Project("{FAE04EC0-301F-11D3-BF4B-00C04F79EFBC}") = "DiscountCalculator", "DiscountCalculator\DiscountCalculator.csproj", "{EBCF3BCD-BF13-4EC0-A052-52E86A22076E}"
EndProject
Global
	GlobalSection(SolutionConfigurationPlatforms) = preSolution
		Debug|Any CPU = Debug|Any CPU
		Release|Any CPU = Release|Any CPU
	EndGlobalSection
	GlobalSection(ProjectConfigurationPlatforms) = postSolution
		{808DC2C3-5423-4A99-BA3C-CE5C3CB1AF94}.Debug|Any CPU.ActiveCfg = Debug|Any CPU
		{808DC2C3-5423-4A99-BA3C-CE5C3CB1AF94}.Debug|Any CPU.Build.0 = Debug|Any CPU
		{808DC2C3-5423-4A99-BA3C-CE5C3CB1AF94}.Release|Any CPU.ActiveCfg = Release|Any CPU
		{808DC2C3-5423-4A99-BA3C-CE5C3CB1AF94}.Release|Any CPU.Build.0 = Release|Any CPU
		{3452F973-37F8-45F5-8E69-771BA1F2F2E9}.Debug|Any CPU.ActiveCfg = Debug|Any CPU
		{3452F973-37F8-45F5-8E69-771BA1F2F2E9}.Debug|Any CPU.Build.0 = Debug|Any CPU
		{3452F973-37F8-45F5-8E69-771BA1F2F2E9}.Release|Any CPU.ActiveCfg = Release|Any CPU
		{3452F973-37F8-45F5-8E69-771BA1F2F2E9}.Release|Any CPU.Build.0 = Release|Any CPU
		{0C0B7124-CD00-47C6-994C-38338B226BA9}.Debug|Any CPU.ActiveCfg = Debug|Any CPU
		{0C0B7124-CD00-47C6-994C-38338B226BA9}.Debug|Any CPU.Build.0 = Debug|Any CPU
		{0C0B7124-CD00-47C6-994C-38338B226BA9}.Release|Any CPU.ActiveCfg = Release|Any CPU
		{0C0B7124-CD00-47C6-994C-38338B226BA9}.Release|Any CPU.Build.0 = Release|Any CPU
		{EBCF3BCD-BF13-4EC0-A052-52E86A22076E}.Debug|Any CPU.ActiveCfg = Debug|Any CPU
		{EBCF3BCD-BF13-4EC0-A052-52E86A22076E}.Debug|Any CPU.Build.0 = Debug|Any CPU
		{EBCF3BCD-BF13-4EC0-A052-52E86A22076E}.Release|Any CPU.ActiveCfg = Release|Any CPU
		{EBCF3BCD-BF13-4EC0-A052-52E86A22076E}.Release|Any CPU.Build.0 = Release|Any CPU
	EndGlobalSection
	GlobalSection(SolutionProperties) = preSolution
		HideSolutionNode = FALSE
	EndGlobalSection
	GlobalSection(ExtensibilityGlobals) = postSolution
		SolutionGuid = {66878BE2-B005-44B7-B409-7DBDA374B342}
	EndGlobalSection
EndGlobal
